// !$*UTF8*$!
{
	archiveVersion = 1;
	classes = {
	};
	objectVersion = 56;
	objects = {

/* Begin PBXBuildFile section */
		863B648A2971288F002D0612 /* GoGameApp.swift in Sources */ = {isa = PBXBuildFile; fileRef = 863B64892971288F002D0612 /* GoGameApp.swift */; };
		863B648C2971288F002D0612 /* ContentView.swift in Sources */ = {isa = PBXBuildFile; fileRef = 863B648B2971288F002D0612 /* ContentView.swift */; };
		863B648E29712890002D0612 /* Assets.xcassets in Resources */ = {isa = PBXBuildFile; fileRef = 863B648D29712890002D0612 /* Assets.xcassets */; };
		863B649129712890002D0612 /* Preview Assets.xcassets in Resources */ = {isa = PBXBuildFile; fileRef = 863B649029712890002D0612 /* Preview Assets.xcassets */; };
		863B649C29712890002D0612 /* GoGameTests.swift in Sources */ = {isa = PBXBuildFile; fileRef = 863B649B29712890002D0612 /* GoGameTests.swift */; };
		863B64A629712890002D0612 /* GoGameUITests.swift in Sources */ = {isa = PBXBuildFile; fileRef = 863B64A529712890002D0612 /* GoGameUITests.swift */; };
		863B64A829712890002D0612 /* GoGameUITestsLaunchTests.swift in Sources */ = {isa = PBXBuildFile; fileRef = 863B64A729712890002D0612 /* GoGameUITestsLaunchTests.swift */; };
/* End PBXBuildFile section */

/* Begin PBXContainerItemProxy section */
		863B649829712890002D0612 /* PBXContainerItemProxy */ = {
			isa = PBXContainerItemProxy;
			containerPortal = 863B647E2971288F002D0612 /* Project object */;
			proxyType = 1;
			remoteGlobalIDString = 863B64852971288F002D0612;
			remoteInfo = GoGame;
		};
		863B64A229712890002D0612 /* PBXContainerItemProxy */ = {
			isa = PBXContainerItemProxy;
			containerPortal = 863B647E2971288F002D0612 /* Project object */;
			proxyType = 1;
			remoteGlobalIDString = 863B64852971288F002D0612;
			remoteInfo = GoGame;
		};
/* End PBXContainerItemProxy section */

/* Begin PBXFileReference section */
		863B64862971288F002D0612 /* GoGame.app */ = {isa = PBXFileReference; explicitFileType = wrapper.application; includeInIndex = 0; path = GoGame.app; sourceTree = BUILT_PRODUCTS_DIR; };
		863B64892971288F002D0612 /* GoGameApp.swift */ = {isa = PBXFileReference; lastKnownFileType = sourcecode.swift; path = GoGameApp.swift; sourceTree = "<group>"; };
		863B648B2971288F002D0612 /* ContentView.swift */ = {isa = PBXFileReference; lastKnownFileType = sourcecode.swift; path = ContentView.swift; sourceTree = "<group>"; };
		863B648D29712890002D0612 /* Assets.xcassets */ = {isa = PBXFileReference; lastKnownFileType = folder.assetcatalog; path = Assets.xcassets; sourceTree = "<group>"; };
		863B649029712890002D0612 /* Preview Assets.xcassets */ = {isa = PBXFileReference; lastKnownFileType = folder.assetcatalog; path = "Preview Assets.xcassets"; sourceTree = "<group>"; };
		863B649229712890002D0612 /* GoGame.entitlements */ = {isa = PBXFileReference; lastKnownFileType = text.plist.entitlements; path = GoGame.entitlements; sourceTree = "<group>"; };
		863B649729712890002D0612 /* GoGameTests.xctest */ = {isa = PBXFileReference; explicitFileType = wrapper.cfbundle; includeInIndex = 0; path = GoGameTests.xctest; sourceTree = BUILT_PRODUCTS_DIR; };
		863B649B29712890002D0612 /* GoGameTests.swift */ = {isa = PBXFileReference; lastKnownFileType = sourcecode.swift; path = GoGameTests.swift; sourceTree = "<group>"; };
		863B64A129712890002D0612 /* GoGameUITests.xctest */ = {isa = PBXFileReference; explicitFileType = wrapper.cfbundle; includeInIndex = 0; path = GoGameUITests.xctest; sourceTree = BUILT_PRODUCTS_DIR; };
		863B64A529712890002D0612 /* GoGameUITests.swift */ = {isa = PBXFileReference; lastKnownFileType = sourcecode.swift; path = GoGameUITests.swift; sourceTree = "<group>"; };
		863B64A729712890002D0612 /* GoGameUITestsLaunchTests.swift */ = {isa = PBXFileReference; lastKnownFileType = sourcecode.swift; path = GoGameUITestsLaunchTests.swift; sourceTree = "<group>"; };
/* End PBXFileReference section */

/* Begin PBXFrameworksBuildPhase section */
		863B64832971288F002D0612 /* Frameworks */ = {
			isa = PBXFrameworksBuildPhase;
			buildActionMask = 2147483647;
			files = (
			);
			runOnlyForDeploymentPostprocessing = 0;
		};
		863B649429712890002D0612 /* Frameworks */ = {
			isa = PBXFrameworksBuildPhase;
			buildActionMask = 2147483647;
			files = (
			);
			runOnlyForDeploymentPostprocessing = 0;
		};
		863B649E29712890002D0612 /* Frameworks */ = {
			isa = PBXFrameworksBuildPhase;
			buildActionMask = 2147483647;
			files = (
			);
			runOnlyForDeploymentPostprocessing = 0;
		};
/* End PBXFrameworksBuildPhase section */

/* Begin PBXGroup section */
		863B647D2971288F002D0612 = {
			isa = PBXGroup;
			children = (
				863B64882971288F002D0612 /* GoGame */,
				863B649A29712890002D0612 /* GoGameTests */,
				863B64A429712890002D0612 /* GoGameUITests */,
				863B64872971288F002D0612 /* Products */,
			);
			sourceTree = "<group>";
		};
		863B64872971288F002D0612 /* Products */ = {
			isa = PBXGroup;
			children = (
				863B64862971288F002D0612 /* GoGame.app */,
				863B649729712890002D0612 /* GoGameTests.xctest */,
				863B64A129712890002D0612 /* GoGameUITests.xctest */,
			);
			name = Products;
			sourceTree = "<group>";
		};
		863B64882971288F002D0612 /* GoGame */ = {
			isa = PBXGroup;
			children = (
				863B64892971288F002D0612 /* GoGameApp.swift */,
				863B648B2971288F002D0612 /* ContentView.swift */,
				863B648D29712890002D0612 /* Assets.xcassets */,
				863B649229712890002D0612 /* GoGame.entitlements */,
				863B648F29712890002D0612 /* Preview Content */,
			);
			path = GoGame;
			sourceTree = "<group>";
		};
		863B648F29712890002D0612 /* Preview Content */ = {
			isa = PBXGroup;
			children = (
				863B649029712890002D0612 /* Preview Assets.xcassets */,
			);
			path = "Preview Content";
			sourceTree = "<group>";
		};
		863B649A29712890002D0612 /* GoGameTests */ = {
			isa = PBXGroup;
			children = (
				863B649B29712890002D0612 /* GoGameTests.swift */,
			);
			path = GoGameTests;
			sourceTree = "<group>";
		};
		863B64A429712890002D0612 /* GoGameUITests */ = {
			isa = PBXGroup;
			children = (
				863B64A529712890002D0612 /* GoGameUITests.swift */,
				863B64A729712890002D0612 /* GoGameUITestsLaunchTests.swift */,
			);
			path = GoGameUITests;
			sourceTree = "<group>";
		};
/* End PBXGroup section */

/* Begin PBXNativeTarget section */
		863B64852971288F002D0612 /* GoGame */ = {
			isa = PBXNativeTarget;
			buildConfigurationList = 863B64AB29712890002D0612 /* Build configuration list for PBXNativeTarget "GoGame" */;
			buildPhases = (
				863B64822971288F002D0612 /* Sources */,
				863B64832971288F002D0612 /* Frameworks */,
				863B64842971288F002D0612 /* Resources */,
			);
			buildRules = (
			);
			dependencies = (
			);
			name = GoGame;
			productName = GoGame;
			productReference = 863B64862971288F002D0612 /* GoGame.app */;
			productType = "com.apple.product-type.application";
		};
		863B649629712890002D0612 /* GoGameTests */ = {
			isa = PBXNativeTarget;
			buildConfigurationList = 863B64AE29712890002D0612 /* Build configuration list for PBXNativeTarget "GoGameTests" */;
			buildPhases = (
				863B649329712890002D0612 /* Sources */,
				863B649429712890002D0612 /* Frameworks */,
				863B649529712890002D0612 /* Resources */,
			);
			buildRules = (
			);
			dependencies = (
				863B649929712890002D0612 /* PBXTargetDependency */,
			);
			name = GoGameTests;
			productName = GoGameTests;
			productReference = 863B649729712890002D0612 /* GoGameTests.xctest */;
			productType = "com.apple.product-type.bundle.unit-test";
		};
		863B64A029712890002D0612 /* GoGameUITests */ = {
			isa = PBXNativeTarget;
			buildConfigurationList = 863B64B129712890002D0612 /* Build configuration list for PBXNativeTarget "GoGameUITests" */;
			buildPhases = (
				863B649D29712890002D0612 /* Sources */,
				863B649E29712890002D0612 /* Frameworks */,
				863B649F29712890002D0612 /* Resources */,
			);
			buildRules = (
			);
			dependencies = (
				863B64A329712890002D0612 /* PBXTargetDependency */,
			);
			name = GoGameUITests;
			productName = GoGameUITests;
			productReference = 863B64A129712890002D0612 /* GoGameUITests.xctest */;
			productType = "com.apple.product-type.bundle.ui-testing";
		};
/* End PBXNativeTarget section */

/* Begin PBXProject section */
		863B647E2971288F002D0612 /* Project object */ = {
			isa = PBXProject;
			attributes = {
				BuildIndependentTargetsInParallel = 1;
				LastSwiftUpdateCheck = 1420;
				LastUpgradeCheck = 1420;
				TargetAttributes = {
					863B64852971288F002D0612 = {
						CreatedOnToolsVersion = 14.2;
					};
					863B649629712890002D0612 = {
						CreatedOnToolsVersion = 14.2;
						TestTargetID = 863B64852971288F002D0612;
					};
					863B64A029712890002D0612 = {
						CreatedOnToolsVersion = 14.2;
						TestTargetID = 863B64852971288F002D0612;
					};
				};
			};
			buildConfigurationList = 863B64812971288F002D0612 /* Build configuration list for PBXProject "GoGame" */;
			compatibilityVersion = "Xcode 14.0";
			developmentRegion = en;
			hasScannedForEncodings = 0;
			knownRegions = (
				en,
				Base,
			);
			mainGroup = 863B647D2971288F002D0612;
			productRefGroup = 863B64872971288F002D0612 /* Products */;
			projectDirPath = "";
			projectRoot = "";
			targets = (
				863B64852971288F002D0612 /* GoGame */,
				863B649629712890002D0612 /* GoGameTests */,
				863B64A029712890002D0612 /* GoGameUITests */,
			);
		};
/* End PBXProject section */

/* Begin PBXResourcesBuildPhase section */
		863B64842971288F002D0612 /* Resources */ = {
			isa = PBXResourcesBuildPhase;
			buildActionMask = 2147483647;
			files = (
				863B649129712890002D0612 /* Preview Assets.xcassets in Resources */,
				863B648E29712890002D0612 /* Assets.xcassets in Resources */,
			);
			runOnlyForDeploymentPostprocessing = 0;
		};
		863B649529712890002D0612 /* Resources */ = {
			isa = PBXResourcesBuildPhase;
			buildActionMask = 2147483647;
			files = (
			);
			runOnlyForDeploymentPostprocessing = 0;
		};
		863B649F29712890002D0612 /* Resources */ = {
			isa = PBXResourcesBuildPhase;
			buildActionMask = 2147483647;
			files = (
			);
			runOnlyForDeploymentPostprocessing = 0;
		};
/* End PBXResourcesBuildPhase section */

/* Begin PBXSourcesBuildPhase section */
		863B64822971288F002D0612 /* Sources */ = {
			isa = PBXSourcesBuildPhase;
			buildActionMask = 2147483647;
			files = (
				863B648C2971288F002D0612 /* ContentView.swift in Sources */,
				863B648A2971288F002D0612 /* GoGameApp.swift in Sources */,
			);
			runOnlyForDeploymentPostprocessing = 0;
		};
		863B649329712890002D0612 /* Sources */ = {
			isa = PBXSourcesBuildPhase;
			buildActionMask = 2147483647;
			files = (
				863B649C29712890002D0612 /* GoGameTests.swift in Sources */,
			);
			runOnlyForDeploymentPostprocessing = 0;
		};
		863B649D29712890002D0612 /* Sources */ = {
			isa = PBXSourcesBuildPhase;
			buildActionMask = 2147483647;
			files = (
				863B64A829712890002D0612 /* GoGameUITestsLaunchTests.swift in Sources */,
				863B64A629712890002D0612 /* GoGameUITests.swift in Sources */,
			);
			runOnlyForDeploymentPostprocessing = 0;
		};
/* End PBXSourcesBuildPhase section */

/* Begin PBXTargetDependency section */
		863B649929712890002D0612 /* PBXTargetDependency */ = {
			isa = PBXTargetDependency;
			target = 863B64852971288F002D0612 /* GoGame */;
			targetProxy = 863B649829712890002D0612 /* PBXContainerItemProxy */;
		};
		863B64A329712890002D0612 /* PBXTargetDependency */ = {
			isa = PBXTargetDependency;
			target = 863B64852971288F002D0612 /* GoGame */;
			targetProxy = 863B64A229712890002D0612 /* PBXContainerItemProxy */;
		};
/* End PBXTargetDependency section */

/* Begin XCBuildConfiguration section */
		863B64A929712890002D0612 /* Debug */ = {
			isa = XCBuildConfiguration;
			buildSettings = {
				ALWAYS_SEARCH_USER_PATHS = NO;
				CLANG_ANALYZER_NONNULL = YES;
				CLANG_ANALYZER_NUMBER_OBJECT_CONVERSION = YES_AGGRESSIVE;
				CLANG_CXX_LANGUAGE_STANDARD = "gnu++20";
				CLANG_ENABLE_MODULES = YES;
				CLANG_ENABLE_OBJC_ARC = YES;
				CLANG_ENABLE_OBJC_WEAK = YES;
				CLANG_WARN_BLOCK_CAPTURE_AUTORELEASING = YES;
				CLANG_WARN_BOOL_CONVERSION = YES;
				CLANG_WARN_COMMA = YES;
				CLANG_WARN_CONSTANT_CONVERSION = YES;
				CLANG_WARN_DEPRECATED_OBJC_IMPLEMENTATIONS = YES;
				CLANG_WARN_DIRECT_OBJC_ISA_USAGE = YES_ERROR;
				CLANG_WARN_DOCUMENTATION_COMMENTS = YES;
				CLANG_WARN_EMPTY_BODY = YES;
				CLANG_WARN_ENUM_CONVERSION = YES;
				CLANG_WARN_INFINITE_RECURSION = YES;
				CLANG_WARN_INT_CONVERSION = YES;
				CLANG_WARN_NON_LITERAL_NULL_CONVERSION = YES;
				CLANG_WARN_OBJC_IMPLICIT_RETAIN_SELF = YES;
				CLANG_WARN_OBJC_LITERAL_CONVERSION = YES;
				CLANG_WARN_OBJC_ROOT_CLASS = YES_ERROR;
				CLANG_WARN_QUOTED_INCLUDE_IN_FRAMEWORK_HEADER = YES;
				CLANG_WARN_RANGE_LOOP_ANALYSIS = YES;
				CLANG_WARN_STRICT_PROTOTYPES = YES;
				CLANG_WARN_SUSPICIOUS_MOVE = YES;
				CLANG_WARN_UNGUARDED_AVAILABILITY = YES_AGGRESSIVE;
				CLANG_WARN_UNREACHABLE_CODE = YES;
				CLANG_WARN__DUPLICATE_METHOD_MATCH = YES;
				COPY_PHASE_STRIP = NO;
				DEBUG_INFORMATION_FORMAT = dwarf;
				ENABLE_STRICT_OBJC_MSGSEND = YES;
				ENABLE_TESTABILITY = YES;
				GCC_C_LANGUAGE_STANDARD = gnu11;
				GCC_DYNAMIC_NO_PIC = NO;
				GCC_NO_COMMON_BLOCKS = YES;
				GCC_OPTIMIZATION_LEVEL = 0;
				GCC_PREPROCESSOR_DEFINITIONS = (
					"DEBUG=1",
					"$(inherited)",
				);
				GCC_WARN_64_TO_32_BIT_CONVERSION = YES;
				GCC_WARN_ABOUT_RETURN_TYPE = YES_ERROR;
				GCC_WARN_UNDECLARED_SELECTOR = YES;
				GCC_WARN_UNINITIALIZED_AUTOS = YES_AGGRESSIVE;
				GCC_WARN_UNUSED_FUNCTION = YES;
				GCC_WARN_UNUSED_VARIABLE = YES;
				MACOSX_DEPLOYMENT_TARGET = 12.6;
				MTL_ENABLE_DEBUG_INFO = INCLUDE_SOURCE;
				MTL_FAST_MATH = YES;
				ONLY_ACTIVE_ARCH = YES;
				SDKROOT = macosx;
				SWIFT_ACTIVE_COMPILATION_CONDITIONS = DEBUG;
				SWIFT_OPTIMIZATION_LEVEL = "-Onone";
			};
			name = Debug;
		};
		863B64AA29712890002D0612 /* Release */ = {
			isa = XCBuildConfiguration;
			buildSettings = {
				ALWAYS_SEARCH_USER_PATHS = NO;
				CLANG_ANALYZER_NONNULL = YES;
				CLANG_ANALYZER_NUMBER_OBJECT_CONVERSION = YES_AGGRESSIVE;
				CLANG_CXX_LANGUAGE_STANDARD = "gnu++20";
				CLANG_ENABLE_MODULES = YES;
				CLANG_ENABLE_OBJC_ARC = YES;
				CLANG_ENABLE_OBJC_WEAK = YES;
				CLANG_WARN_BLOCK_CAPTURE_AUTORELEASING = YES;
				CLANG_WARN_BOOL_CONVERSION = YES;
				CLANG_WARN_COMMA = YES;
				CLANG_WARN_CONSTANT_CONVERSION = YES;
				CLANG_WARN_DEPRECATED_OBJC_IMPLEMENTATIONS = YES;
				CLANG_WARN_DIRECT_OBJC_ISA_USAGE = YES_ERROR;
				CLANG_WARN_DOCUMENTATION_COMMENTS = YES;
				CLANG_WARN_EMPTY_BODY = YES;
				CLANG_WARN_ENUM_CONVERSION = YES;
				CLANG_WARN_INFINITE_RECURSION = YES;
				CLANG_WARN_INT_CONVERSION = YES;
				CLANG_WARN_NON_LITERAL_NULL_CONVERSION = YES;
				CLANG_WARN_OBJC_IMPLICIT_RETAIN_SELF = YES;
				CLANG_WARN_OBJC_LITERAL_CONVERSION = YES;
				CLANG_WARN_OBJC_ROOT_CLASS = YES_ERROR;
				CLANG_WARN_QUOTED_INCLUDE_IN_FRAMEWORK_HEADER = YES;
				CLANG_WARN_RANGE_LOOP_ANALYSIS = YES;
				CLANG_WARN_STRICT_PROTOTYPES = YES;
				CLANG_WARN_SUSPICIOUS_MOVE = YES;
				CLANG_WARN_UNGUARDED_AVAILABILITY = YES_AGGRESSIVE;
				CLANG_WARN_UNREACHABLE_CODE = YES;
				CLANG_WARN__DUPLICATE_METHOD_MATCH = YES;
				COPY_PHASE_STRIP = NO;
				DEBUG_INFORMATION_FORMAT = "dwarf-with-dsym";
				ENABLE_NS_ASSERTIONS = NO;
				ENABLE_STRICT_OBJC_MSGSEND = YES;
				GCC_C_LANGUAGE_STANDARD = gnu11;
				GCC_NO_COMMON_BLOCKS = YES;
				GCC_WARN_64_TO_32_BIT_CONVERSION = YES;
				GCC_WARN_ABOUT_RETURN_TYPE = YES_ERROR;
				GCC_WARN_UNDECLARED_SELECTOR = YES;
				GCC_WARN_UNINITIALIZED_AUTOS = YES_AGGRESSIVE;
				GCC_WARN_UNUSED_FUNCTION = YES;
				GCC_WARN_UNUSED_VARIABLE = YES;
				MACOSX_DEPLOYMENT_TARGET = 12.6;
				MTL_ENABLE_DEBUG_INFO = NO;
				MTL_FAST_MATH = YES;
				SDKROOT = macosx;
				SWIFT_COMPILATION_MODE = wholemodule;
				SWIFT_OPTIMIZATION_LEVEL = "-O";
			};
			name = Release;
		};
		863B64AC29712890002D0612 /* Debug */ = {
			isa = XCBuildConfiguration;
			buildSettings = {
				ASSETCATALOG_COMPILER_APPICON_NAME = AppIcon;
				ASSETCATALOG_COMPILER_GLOBAL_ACCENT_COLOR_NAME = AccentColor;
				CODE_SIGN_ENTITLEMENTS = GoGame/GoGame.entitlements;
				CODE_SIGN_STYLE = Automatic;
				COMBINE_HIDPI_IMAGES = YES;
				CURRENT_PROJECT_VERSION = 1;
				DEVELOPMENT_ASSET_PATHS = "\"GoGame/Preview Content\"";
				ENABLE_PREVIEWS = YES;
				GENERATE_INFOPLIST_FILE = YES;
				INFOPLIST_KEY_NSHumanReadableCopyright = "";
				LD_RUNPATH_SEARCH_PATHS = (
					"$(inherited)",
					"@executable_path/../Frameworks",
				);
				MARKETING_VERSION = 1.0;
				PRODUCT_BUNDLE_IDENTIFIER = com.dpzmick.GoGame;
				PRODUCT_NAME = "$(TARGET_NAME)";
				SWIFT_EMIT_LOC_STRINGS = YES;
				SWIFT_VERSION = 5.0;
			};
			name = Debug;
		};
		863B64AD29712890002D0612 /* Release */ = {
			isa = XCBuildConfiguration;
			buildSettings = {
				ASSETCATALOG_COMPILER_APPICON_NAME = AppIcon;
				ASSETCATALOG_COMPILER_GLOBAL_ACCENT_COLOR_NAME = AccentColor;
				CODE_SIGN_ENTITLEMENTS = GoGame/GoGame.entitlements;
				CODE_SIGN_STYLE = Automatic;
				COMBINE_HIDPI_IMAGES = YES;
				CURRENT_PROJECT_VERSION = 1;
				DEVELOPMENT_ASSET_PATHS = "\"GoGame/Preview Content\"";
				ENABLE_PREVIEWS = YES;
				GENERATE_INFOPLIST_FILE = YES;
				INFOPLIST_KEY_NSHumanReadableCopyright = "";
				LD_RUNPATH_SEARCH_PATHS = (
					"$(inherited)",
					"@executable_path/../Frameworks",
				);
				MARKETING_VERSION = 1.0;
				PRODUCT_BUNDLE_IDENTIFIER = com.dpzmick.GoGame;
				PRODUCT_NAME = "$(TARGET_NAME)";
				SWIFT_EMIT_LOC_STRINGS = YES;
				SWIFT_VERSION = 5.0;
			};
			name = Release;
		};
		863B64AF29712890002D0612 /* Debug */ = {
			isa = XCBuildConfiguration;
			buildSettings = {
				ALWAYS_EMBED_SWIFT_STANDARD_LIBRARIES = YES;
				BUNDLE_LOADER = "$(TEST_HOST)";
				CODE_SIGN_STYLE = Automatic;
				CURRENT_PROJECT_VERSION = 1;
				GENERATE_INFOPLIST_FILE = YES;
				MACOSX_DEPLOYMENT_TARGET = 12.6;
				MARKETING_VERSION = 1.0;
				PRODUCT_BUNDLE_IDENTIFIER = com.dpzmick.GoGameTests;
				PRODUCT_NAME = "$(TARGET_NAME)";
				SWIFT_EMIT_LOC_STRINGS = NO;
				SWIFT_VERSION = 5.0;
				TEST_HOST = "$(BUILT_PRODUCTS_DIR)/GoGame.app/$(BUNDLE_EXECUTABLE_FOLDER_PATH)/GoGame";
			};
			name = Debug;
		};
		863B64B029712890002D0612 /* Release */ = {
			isa = XCBuildConfiguration;
			buildSettings = {
				ALWAYS_EMBED_SWIFT_STANDARD_LIBRARIES = YES;
				BUNDLE_LOADER = "$(TEST_HOST)";
				CODE_SIGN_STYLE = Automatic;
				CURRENT_PROJECT_VERSION = 1;
				GENERATE_INFOPLIST_FILE = YES;
				MACOSX_DEPLOYMENT_TARGET = 12.6;
				MARKETING_VERSION = 1.0;
				PRODUCT_BUNDLE_IDENTIFIER = com.dpzmick.GoGameTests;
				PRODUCT_NAME = "$(TARGET_NAME)";
				SWIFT_EMIT_LOC_STRINGS = NO;
				SWIFT_VERSION = 5.0;
				TEST_HOST = "$(BUILT_PRODUCTS_DIR)/GoGame.app/$(BUNDLE_EXECUTABLE_FOLDER_PATH)/GoGame";
			};
			name = Release;
		};
		863B64B229712890002D0612 /* Debug */ = {
			isa = XCBuildConfiguration;
			buildSettings = {
				ALWAYS_EMBED_SWIFT_STANDARD_LIBRARIES = YES;
				CODE_SIGN_STYLE = Automatic;
				CURRENT_PROJECT_VERSION = 1;
				GENERATE_INFOPLIST_FILE = YES;
				MARKETING_VERSION = 1.0;
				PRODUCT_BUNDLE_IDENTIFIER = com.dpzmick.GoGameUITests;
				PRODUCT_NAME = "$(TARGET_NAME)";
				SWIFT_EMIT_LOC_STRINGS = NO;
				SWIFT_VERSION = 5.0;
				TEST_TARGET_NAME = GoGame;
			};
			name = Debug;
		};
		863B64B329712890002D0612 /* Release */ = {
			isa = XCBuildConfiguration;
			buildSettings = {
				ALWAYS_EMBED_SWIFT_STANDARD_LIBRARIES = YES;
				CODE_SIGN_STYLE = Automatic;
				CURRENT_PROJECT_VERSION = 1;
				GENERATE_INFOPLIST_FILE = YES;
				MARKETING_VERSION = 1.0;
				PRODUCT_BUNDLE_IDENTIFIER = com.dpzmick.GoGameUITests;
				PRODUCT_NAME = "$(TARGET_NAME)";
				SWIFT_EMIT_LOC_STRINGS = NO;
				SWIFT_VERSION = 5.0;
				TEST_TARGET_NAME = GoGame;
			};
			name = Release;
		};
/* End XCBuildConfiguration section */

/* Begin XCConfigurationList section */
		863B64812971288F002D0612 /* Build configuration list for PBXProject "GoGame" */ = {
			isa = XCConfigurationList;
			buildConfigurations = (
				863B64A929712890002D0612 /* Debug */,
				863B64AA29712890002D0612 /* Release */,
			);
			defaultConfigurationIsVisible = 0;
			defaultConfigurationName = Release;
		};
		863B64AB29712890002D0612 /* Build configuration list for PBXNativeTarget "GoGame" */ = {
			isa = XCConfigurationList;
			buildConfigurations = (
				863B64AC29712890002D0612 /* Debug */,
				863B64AD29712890002D0612 /* Release */,
			);
			defaultConfigurationIsVisible = 0;
			defaultConfigurationName = Release;
		};
		863B64AE29712890002D0612 /* Build configuration list for PBXNativeTarget "GoGameTests" */ = {
			isa = XCConfigurationList;
			buildConfigurations = (
				863B64AF29712890002D0612 /* Debug */,
				863B64B029712890002D0612 /* Release */,
			);
			defaultConfigurationIsVisible = 0;
			defaultConfigurationName = Release;
		};
		863B64B129712890002D0612 /* Build configuration list for PBXNativeTarget "GoGameUITests" */ = {
			isa = XCConfigurationList;
			buildConfigurations = (
				863B64B229712890002D0612 /* Debug */,
				863B64B329712890002D0612 /* Release */,
			);
			defaultConfigurationIsVisible = 0;
			defaultConfigurationName = Release;
		};
/* End XCConfigurationList section */
	};
	rootObject = 863B647E2971288F002D0612 /* Project object */;
}
